
Microsoft Visual Studio Solution File, Format Version 12.00
# Visual Studio Version 17
VisualStudioVersion = 17.11.35312.102
MinimumVisualStudioVersion = 10.0.40219.1
Project("{FAE04EC0-301F-11D3-BF4B-00C04F79EFBC}") = "SurveyProject", "SurveyProject\SurveyProject.csproj", "{EFAC6244-3ABE-4120-A08C-B553D5FC59E4}"
EndProject
Global
	GlobalSection(SolutionConfigurationPlatforms) = preSolution
		Debug|Any CPU = Debug|Any CPU
		Release|Any CPU = Release|Any CPU
	EndGlobalSection
	GlobalSection(ProjectConfigurationPlatforms) = postSolution
		{EFAC6244-3ABE-4120-A08C-B553D5FC59E4}.Debug|Any CPU.ActiveCfg = Debug|Any CPU
		{EFAC6244-3ABE-4120-A08C-B553D5FC59E4}.Debug|Any CPU.Build.0 = Debug|Any CPU
		{EFAC6244-3ABE-4120-A08C-B553D5FC59E4}.Release|Any CPU.ActiveCfg = Release|Any CPU
		{EFAC6244-3ABE-4120-A08C-B553D5FC59E4}.Release|Any CPU.Build.0 = Release|Any CPU
	EndGlobalSection
	GlobalSection(SolutionProperties) = preSolution
		HideSolutionNode = FALSE
	EndGlobalSection
	GlobalSection(ExtensibilityGlobals) = postSolution
		SolutionGuid = {5B2FB642-6018-465E-9F7B-338F4D6B590F}
	EndGlobalSection
EndGlobal
